
Microsoft Visual Studio Solution File, Format Version 12.00
# Visual Studio 15
VisualStudioVersion = 15.0.28307.779
MinimumVisualStudioVersion = 10.0.40219.1
Project("{FAE04EC0-301F-11D3-BF4B-00C04F79EFBC}") = "3DTransform", "3DTransform\3DTransform.csproj", "{3E2F3C43-DFB3-4416-87CA-A18F1BF86564}"
EndProject
Global
	GlobalSection(SolutionConfigurationPlatforms) = preSolution
		Debug|Any CPU = Debug|Any CPU
		Release|Any CPU = Release|Any CPU
	EndGlobalSection
	GlobalSection(ProjectConfigurationPlatforms) = postSolution
		{3E2F3C43-DFB3-4416-87CA-A18F1BF86564}.Debug|Any CPU.ActiveCfg = Debug|Any CPU
		{3E2F3C43-DFB3-4416-87CA-A18F1BF86564}.Debug|Any CPU.Build.0 = Debug|Any CPU
		{3E2F3C43-DFB3-4416-87CA-A18F1BF86564}.Release|Any CPU.ActiveCfg = Release|Any CPU
		{3E2F3C43-DFB3-4416-87CA-A18F1BF86564}.Release|Any CPU.Build.0 = Release|Any CPU
	EndGlobalSection
	GlobalSection(SolutionProperties) = preSolution
		HideSolutionNode = FALSE
	EndGlobalSection
	GlobalSection(ExtensibilityGlobals) = postSolution
		SolutionGuid = {B8B008F2-D6F7-4CF3-B2B9-05EDA1CA7193}
	EndGlobalSection
EndGlobal
